
Microsoft Visual Studio Solution File, Format Version 12.00
# Visual Studio Version 17
VisualStudioVersion = 17.1.32210.238
MinimumVisualStudioVersion = 10.0.40219.1
Project("{FAE04EC0-301F-11D3-BF4B-00C04F79EFBC}") = "ex001", "ex001.csproj", "{F76021C3-DD0F-45A8-9BE6-6997A9FF58AF}"
EndProject
Global
	GlobalSection(SolutionConfigurationPlatforms) = preSolution
		Debug|Any CPU = Debug|Any CPU
		Release|Any CPU = Release|Any CPU
	EndGlobalSection
	GlobalSection(ProjectConfigurationPlatforms) = postSolution
		{F76021C3-DD0F-45A8-9BE6-6997A9FF58AF}.Debug|Any CPU.ActiveCfg = Debug|Any CPU
		{F76021C3-DD0F-45A8-9BE6-6997A9FF58AF}.Debug|Any CPU.Build.0 = Debug|Any CPU
		{F76021C3-DD0F-45A8-9BE6-6997A9FF58AF}.Release|Any CPU.ActiveCfg = Release|Any CPU
		{F76021C3-DD0F-45A8-9BE6-6997A9FF58AF}.Release|Any CPU.Build.0 = Release|Any CPU
	EndGlobalSection
	GlobalSection(SolutionProperties) = preSolution
		HideSolutionNode = FALSE
	EndGlobalSection
	GlobalSection(ExtensibilityGlobals) = postSolution
		SolutionGuid = {15A7C45A-220A-4DE7-B573-389CD1975F69}
	EndGlobalSection
EndGlobal
